
Microsoft Visual Studio Solution File, Format Version 12.00
# Visual Studio Version 16
VisualStudioVersion = 16.0.31702.278
MinimumVisualStudioVersion = 10.0.40219.1
Project("{FAE04EC0-301F-11D3-BF4B-00C04F79EFBC}") = "efcore-IDbContext-Issue", "efcore-IDbContext-Issue\efcore-IDbContext-Issue.csproj", "{567FACF2-A8E5-48B6-8358-163E37B66254}"
EndProject
Project("{FAE04EC0-301F-11D3-BF4B-00C04F79EFBC}") = "LibraryFromNuget", "LibraryFromNuget\LibraryFromNuget.csproj", "{70F75388-5216-497F-A9ED-919360C1082F}"
EndProject
Global
	GlobalSection(SolutionConfigurationPlatforms) = preSolution
		Debug|Any CPU = Debug|Any CPU
		Release|Any CPU = Release|Any CPU
	EndGlobalSection
	GlobalSection(ProjectConfigurationPlatforms) = postSolution
		{567FACF2-A8E5-48B6-8358-163E37B66254}.Debug|Any CPU.ActiveCfg = Debug|Any CPU
		{567FACF2-A8E5-48B6-8358-163E37B66254}.Debug|Any CPU.Build.0 = Debug|Any CPU
		{567FACF2-A8E5-48B6-8358-163E37B66254}.Release|Any CPU.ActiveCfg = Release|Any CPU
		{567FACF2-A8E5-48B6-8358-163E37B66254}.Release|Any CPU.Build.0 = Release|Any CPU
		{70F75388-5216-497F-A9ED-919360C1082F}.Debug|Any CPU.ActiveCfg = Debug|Any CPU
		{70F75388-5216-497F-A9ED-919360C1082F}.Debug|Any CPU.Build.0 = Debug|Any CPU
		{70F75388-5216-497F-A9ED-919360C1082F}.Release|Any CPU.ActiveCfg = Release|Any CPU
		{70F75388-5216-497F-A9ED-919360C1082F}.Release|Any CPU.Build.0 = Release|Any CPU
	EndGlobalSection
	GlobalSection(SolutionProperties) = preSolution
		HideSolutionNode = FALSE
	EndGlobalSection
	GlobalSection(ExtensibilityGlobals) = postSolution
		SolutionGuid = {5624A0E4-6729-4B39-9929-0548EF2A5C49}
	EndGlobalSection
EndGlobal
